{
  "originHash" : "760baa99af9445eaba23db87d521ab4a48d3c319a513128125a683fbbf572449",
  "pins" : [
    {
      "identity" : "coretextswift",
      "kind" : "remoteSourceControl",
      "location" : "https://github.com/krzyzanowskim/CoreTextSwift",
      "state" : {
        "revision" : "833177201d6421e6322296f39fce6ff6ae52618a",
        "version" : "0.2.0"
      }
    },
    {
      "identity" : "sttextkitplus",
      "kind" : "remoteSourceControl",
      "location" : "https://github.com/krzyzanowskim/STTextKitPlus",
      "state" : {
        "revision" : "ebc71aaa6137b45ad289d1faf6e7687b6b9488e9",
        "version" : "0.1.9"
      }
    }
  ],
  "version" : 3
}
